
Microsoft Visual Studio Solution File, Format Version 11.00
# Visual Studio 2010
Project("{FAE04EC0-301F-11D3-BF4B-00C04F79EFBC}") = "AHORCADO", "AHORCADO\AHORCADO.csproj", "{4B9B22B2-1CE5-45FD-A94D-26A68984E180}"
EndProject
Global
	GlobalSection(SolutionConfigurationPlatforms) = preSolution
		Debug|x86 = Debug|x86
		Release|x86 = Release|x86
	EndGlobalSection
	GlobalSection(ProjectConfigurationPlatforms) = postSolution
		{4B9B22B2-1CE5-45FD-A94D-26A68984E180}.Debug|x86.ActiveCfg = Debug|x86
		{4B9B22B2-1CE5-45FD-A94D-26A68984E180}.Debug|x86.Build.0 = Debug|x86
		{4B9B22B2-1CE5-45FD-A94D-26A68984E180}.Release|x86.ActiveCfg = Release|x86
		{4B9B22B2-1CE5-45FD-A94D-26A68984E180}.Release|x86.Build.0 = Release|x86
	EndGlobalSection
	GlobalSection(SolutionProperties) = preSolution
		HideSolutionNode = FALSE
	EndGlobalSection
EndGlobal
