
Microsoft Visual Studio Solution File, Format Version 12.00
# Visual Studio 15
VisualStudioVersion = 15.0.28307.1500
MinimumVisualStudioVersion = 10.0.40219.1
Project("{FAE04EC0-301F-11D3-BF4B-00C04F79EFBC}") = "AHORCADO", "AHORCADO\AHORCADO.csproj", "{D0A880D6-BB1B-4C35-81C7-75DD0FC0E112}"
EndProject
Global
	GlobalSection(SolutionConfigurationPlatforms) = preSolution
		Debug|Any CPU = Debug|Any CPU
		Release|Any CPU = Release|Any CPU
	EndGlobalSection
	GlobalSection(ProjectConfigurationPlatforms) = postSolution
		{D0A880D6-BB1B-4C35-81C7-75DD0FC0E112}.Debug|Any CPU.ActiveCfg = Debug|Any CPU
		{D0A880D6-BB1B-4C35-81C7-75DD0FC0E112}.Debug|Any CPU.Build.0 = Debug|Any CPU
		{D0A880D6-BB1B-4C35-81C7-75DD0FC0E112}.Release|Any CPU.ActiveCfg = Release|Any CPU
		{D0A880D6-BB1B-4C35-81C7-75DD0FC0E112}.Release|Any CPU.Build.0 = Release|Any CPU
	EndGlobalSection
	GlobalSection(SolutionProperties) = preSolution
		HideSolutionNode = FALSE
	EndGlobalSection
	GlobalSection(ExtensibilityGlobals) = postSolution
		SolutionGuid = {99CEBB61-5D96-48F9-A62B-78AD13571B9A}
	EndGlobalSection
EndGlobal
